
Microsoft Visual Studio Solution File, Format Version 12.00
# Visual Studio Version 16
VisualStudioVersion = 16.0.32901.82
MinimumVisualStudioVersion = 10.0.40219.1
Project("{9A19103F-16F7-4668-BE54-9A1E7A4F7556}") = "APICalculadora", "RestWithASPNetUdemy\APICalculadora.csproj", "{693AA238-85B8-435E-A5A4-90A1696240BA}"
EndProject
Global
	GlobalSection(SolutionConfigurationPlatforms) = preSolution
		Debug|Any CPU = Debug|Any CPU
		Release|Any CPU = Release|Any CPU
	EndGlobalSection
	GlobalSection(ProjectConfigurationPlatforms) = postSolution
		{693AA238-85B8-435E-A5A4-90A1696240BA}.Debug|Any CPU.ActiveCfg = Debug|Any CPU
		{693AA238-85B8-435E-A5A4-90A1696240BA}.Debug|Any CPU.Build.0 = Debug|Any CPU
		{693AA238-85B8-435E-A5A4-90A1696240BA}.Release|Any CPU.ActiveCfg = Release|Any CPU
		{693AA238-85B8-435E-A5A4-90A1696240BA}.Release|Any CPU.Build.0 = Release|Any CPU
	EndGlobalSection
	GlobalSection(SolutionProperties) = preSolution
		HideSolutionNode = FALSE
	EndGlobalSection
	GlobalSection(ExtensibilityGlobals) = postSolution
		SolutionGuid = {6DB6E4B0-88CD-478F-98A9-B46804AB0449}
	EndGlobalSection
EndGlobal
